
Microsoft Visual Studio Solution File, Format Version 12.00
# Visual Studio Version 17
VisualStudioVersion = 17.0.31903.59
MinimumVisualStudioVersion = 10.0.40219.1
Project("{9A19103F-16F7-4668-BE54-9A1E7A4F7556}") = "Wave.CLI", "Wave.CLI\Wave.CLI.csproj", "{18790584-E9F9-4181-8FFC-9E7240DAF90C}"
EndProject
Project("{9A19103F-16F7-4668-BE54-9A1E7A4F7556}") = "Wave.GraphQL", "Wave.GraphQL\Wave.GraphQL.csproj", "{27520623-132D-4C6A-B7CA-795CBAC06D67}"
EndProject
Project("{9A19103F-16F7-4668-BE54-9A1E7A4F7556}") = "Wave.Schema", "Wave.Schema\Wave.Schema.csproj", "{F98102F7-9164-4277-BFFD-1F12D27D03D7}"
EndProject
Global
	GlobalSection(SolutionConfigurationPlatforms) = preSolution
		Debug|Any CPU = Debug|Any CPU
		Release|Any CPU = Release|Any CPU
	EndGlobalSection
	GlobalSection(ProjectConfigurationPlatforms) = postSolution
		{18790584-E9F9-4181-8FFC-9E7240DAF90C}.Debug|Any CPU.ActiveCfg = Debug|Any CPU
		{18790584-E9F9-4181-8FFC-9E7240DAF90C}.Debug|Any CPU.Build.0 = Debug|Any CPU
		{18790584-E9F9-4181-8FFC-9E7240DAF90C}.Release|Any CPU.ActiveCfg = Release|Any CPU
		{18790584-E9F9-4181-8FFC-9E7240DAF90C}.Release|Any CPU.Build.0 = Release|Any CPU
		{27520623-132D-4C6A-B7CA-795CBAC06D67}.Debug|Any CPU.ActiveCfg = Debug|Any CPU
		{27520623-132D-4C6A-B7CA-795CBAC06D67}.Debug|Any CPU.Build.0 = Debug|Any CPU
		{27520623-132D-4C6A-B7CA-795CBAC06D67}.Release|Any CPU.ActiveCfg = Release|Any CPU
		{27520623-132D-4C6A-B7CA-795CBAC06D67}.Release|Any CPU.Build.0 = Release|Any CPU
		{F98102F7-9164-4277-BFFD-1F12D27D03D7}.Debug|Any CPU.ActiveCfg = Debug|Any CPU
		{F98102F7-9164-4277-BFFD-1F12D27D03D7}.Debug|Any CPU.Build.0 = Debug|Any CPU
		{F98102F7-9164-4277-BFFD-1F12D27D03D7}.Release|Any CPU.ActiveCfg = Release|Any CPU
		{F98102F7-9164-4277-BFFD-1F12D27D03D7}.Release|Any CPU.Build.0 = Release|Any CPU
	EndGlobalSection
	GlobalSection(SolutionProperties) = preSolution
		HideSolutionNode = FALSE
	EndGlobalSection
	GlobalSection(ExtensibilityGlobals) = postSolution
		SolutionGuid = {11A93183-74D8-48A6-867E-75B346DD121B}
	EndGlobalSection
EndGlobal
